
Microsoft Visual Studio Solution File, Format Version 12.00
# Visual Studio Version 17
VisualStudioVersion = 17.6.33829.357
MinimumVisualStudioVersion = 10.0.40219.1
Project("{FAE04EC0-301F-11D3-BF4B-00C04F79EFBC}") = "ControleFinanceiro", "ControleFinanceiro\ControleFinanceiro.csproj", "{6B6658E7-9C51-417C-B383-6F30A7B50CA9}"
EndProject
Global
	GlobalSection(SolutionConfigurationPlatforms) = preSolution
		Debug|Any CPU = Debug|Any CPU
		Release|Any CPU = Release|Any CPU
	EndGlobalSection
	GlobalSection(ProjectConfigurationPlatforms) = postSolution
		{6B6658E7-9C51-417C-B383-6F30A7B50CA9}.Debug|Any CPU.ActiveCfg = Debug|Any CPU
		{6B6658E7-9C51-417C-B383-6F30A7B50CA9}.Debug|Any CPU.Build.0 = Debug|Any CPU
		{6B6658E7-9C51-417C-B383-6F30A7B50CA9}.Release|Any CPU.ActiveCfg = Release|Any CPU
		{6B6658E7-9C51-417C-B383-6F30A7B50CA9}.Release|Any CPU.Build.0 = Release|Any CPU
	EndGlobalSection
	GlobalSection(SolutionProperties) = preSolution
		HideSolutionNode = FALSE
	EndGlobalSection
	GlobalSection(ExtensibilityGlobals) = postSolution
		SolutionGuid = {FC34CA6D-F8D2-4627-9251-EDADF7E8F844}
	EndGlobalSection
EndGlobal
